
Microsoft Visual Studio Solution File, Format Version 12.00
# Visual Studio Version 17
VisualStudioVersion = 17.9.34607.119
MinimumVisualStudioVersion = 10.0.40219.1
Project("{9A19103F-16F7-4668-BE54-9A1E7A4F7556}") = "Cloudnary", "Cloudnary\Cloudnary.csproj", "{0C0AAED5-FCFE-46CF-8E79-DAF3D57F715F}"
EndProject
Project("{9A19103F-16F7-4668-BE54-9A1E7A4F7556}") = "VideoMaker", "VideoMakerWebUI\VideoMaker.csproj", "{A6CEC5D8-CC6C-47DA-9C23-B7E212C25B53}"
EndProject
Global
	GlobalSection(SolutionConfigurationPlatforms) = preSolution
		Debug|Any CPU = Debug|Any CPU
		Release|Any CPU = Release|Any CPU
	EndGlobalSection
	GlobalSection(ProjectConfigurationPlatforms) = postSolution
		{0C0AAED5-FCFE-46CF-8E79-DAF3D57F715F}.Debug|Any CPU.ActiveCfg = Debug|Any CPU
		{0C0AAED5-FCFE-46CF-8E79-DAF3D57F715F}.Debug|Any CPU.Build.0 = Debug|Any CPU
		{0C0AAED5-FCFE-46CF-8E79-DAF3D57F715F}.Release|Any CPU.ActiveCfg = Release|Any CPU
		{0C0AAED5-FCFE-46CF-8E79-DAF3D57F715F}.Release|Any CPU.Build.0 = Release|Any CPU
		{A6CEC5D8-CC6C-47DA-9C23-B7E212C25B53}.Debug|Any CPU.ActiveCfg = Debug|Any CPU
		{A6CEC5D8-CC6C-47DA-9C23-B7E212C25B53}.Debug|Any CPU.Build.0 = Debug|Any CPU
		{A6CEC5D8-CC6C-47DA-9C23-B7E212C25B53}.Release|Any CPU.ActiveCfg = Release|Any CPU
		{A6CEC5D8-CC6C-47DA-9C23-B7E212C25B53}.Release|Any CPU.Build.0 = Release|Any CPU
	EndGlobalSection
	GlobalSection(SolutionProperties) = preSolution
		HideSolutionNode = FALSE
	EndGlobalSection
	GlobalSection(ExtensibilityGlobals) = postSolution
		SolutionGuid = {A82D9230-D6A1-477E-9804-43BC92C39B0C}
	EndGlobalSection
EndGlobal
